
Microsoft Visual Studio Solution File, Format Version 12.00
# Visual Studio Version 16
VisualStudioVersion = 16.0.29709.97
MinimumVisualStudioVersion = 10.0.40219.1
Project("{FAE04EC0-301F-11D3-BF4B-00C04F79EFBC}") = "Lievelingsstad.Wpf", "Lievelingsstad.Wpf\Lievelingsstad.Wpf.csproj", "{2DE054F4-EB1C-4E22-992F-C1BD0CC36893}"
EndProject
Project("{FAE04EC0-301F-11D3-BF4B-00C04F79EFBC}") = "ScopeVanVariabelen.Wpf", "WpfApp1 ScopeVanVariabelen.Wpf\ScopeVanVariabelen.Wpf.csproj", "{A40A224D-C750-4AA8-928E-157DFC285997}"
EndProject
Global
	GlobalSection(SolutionConfigurationPlatforms) = preSolution
		Debug|Any CPU = Debug|Any CPU
		Release|Any CPU = Release|Any CPU
	EndGlobalSection
	GlobalSection(ProjectConfigurationPlatforms) = postSolution
		{2DE054F4-EB1C-4E22-992F-C1BD0CC36893}.Debug|Any CPU.ActiveCfg = Debug|Any CPU
		{2DE054F4-EB1C-4E22-992F-C1BD0CC36893}.Debug|Any CPU.Build.0 = Debug|Any CPU
		{2DE054F4-EB1C-4E22-992F-C1BD0CC36893}.Release|Any CPU.ActiveCfg = Release|Any CPU
		{2DE054F4-EB1C-4E22-992F-C1BD0CC36893}.Release|Any CPU.Build.0 = Release|Any CPU
		{A40A224D-C750-4AA8-928E-157DFC285997}.Debug|Any CPU.ActiveCfg = Debug|Any CPU
		{A40A224D-C750-4AA8-928E-157DFC285997}.Debug|Any CPU.Build.0 = Debug|Any CPU
		{A40A224D-C750-4AA8-928E-157DFC285997}.Release|Any CPU.ActiveCfg = Release|Any CPU
		{A40A224D-C750-4AA8-928E-157DFC285997}.Release|Any CPU.Build.0 = Release|Any CPU
	EndGlobalSection
	GlobalSection(SolutionProperties) = preSolution
		HideSolutionNode = FALSE
	EndGlobalSection
	GlobalSection(ExtensibilityGlobals) = postSolution
		SolutionGuid = {8A632F08-534A-4330-AB25-4588CA7A0F1B}
	EndGlobalSection
EndGlobal
